
Microsoft Visual Studio Solution File, Format Version 12.00
# Visual Studio Version 16
VisualStudioVersion = 16.0.28922.388
MinimumVisualStudioVersion = 10.0.40219.1
Project("{FAE04EC0-301F-11D3-BF4B-00C04F79EFBC}") = "MuskBot", "MuskBot\MuskBot.csproj", "{AAE26A76-66C3-4538-B23B-795E87CE50B0}"
EndProject
Global
	GlobalSection(SolutionConfigurationPlatforms) = preSolution
		Debug|Any CPU = Debug|Any CPU
		Release|Any CPU = Release|Any CPU
	EndGlobalSection
	GlobalSection(ProjectConfigurationPlatforms) = postSolution
		{AAE26A76-66C3-4538-B23B-795E87CE50B0}.Debug|Any CPU.ActiveCfg = Debug|Any CPU
		{AAE26A76-66C3-4538-B23B-795E87CE50B0}.Debug|Any CPU.Build.0 = Debug|Any CPU
		{AAE26A76-66C3-4538-B23B-795E87CE50B0}.Release|Any CPU.ActiveCfg = Release|Any CPU
		{AAE26A76-66C3-4538-B23B-795E87CE50B0}.Release|Any CPU.Build.0 = Release|Any CPU
	EndGlobalSection
	GlobalSection(SolutionProperties) = preSolution
		HideSolutionNode = FALSE
	EndGlobalSection
	GlobalSection(ExtensibilityGlobals) = postSolution
		SolutionGuid = {A3BC79A9-DB99-486A-93C8-CD59CC77E2C7}
	EndGlobalSection
EndGlobal
